{
  "lockfileVersion": 2,
  "configVersion": 1,
  "workspaces": {
    "": {
      "name": "yojana-workspace",
      "devDependencies": {
        "@biomejs/biome": "^2.5.14",
        "@types/bun": "^1.4.2",
        "dependency-cruiser": "^18.3.1",
        "typescript": "^5.9.0",
      },
    },
    "cli": {
      "name": "@cntxt-labs/yojana-cli",
      "version": "0.0.0",
      "bin": {
        "yojana": "./src/main.ts",
      },
      "dependencies": {
        "@cntxt-labs/patra-core": "file:../vendor/patra/cntxt-labs-patra-core-0.0.0.tgz",
        "@cntxt-labs/patra-serve": "file:../vendor/patra/cntxt-labs-patra-serve-0.0.0.tgz",
        "@cntxt-labs/patra-templates": "file:../vendor/patra/cntxt-labs-patra-templates-0.0.0.tgz",
        "@cntxt-labs/patra-themes": "file:../vendor/patra/cntxt-labs-patra-themes-0.0.0.tgz",
        "@cntxt-labs/yojana": "workspace:*",
        "@cntxt-labs/yojana-core": "workspace:*",
        "@cntxt-labs/yojana-verify": "workspace:*",
        "@cntxt-labs/yojana-work": "workspace:*",
      },
    },
    "yojana": {
      "name": "@cntxt-labs/yojana",
      "version": "0.0.0",
      "dependencies": {
        "@cntxt-labs/yojana-core": "workspace:*",
        "@cntxt-labs/yojana-markdown": "workspace:*",
        "@cntxt-labs/yojana-store": "workspace:*",
        "@cntxt-labs/yojana-sync": "workspace:*",
        "@cntxt-labs/yojana-verify": "workspace:*",
      },
      "devDependencies": {
        "@cntxt-labs/patra-core": "file:../vendor/patra/cntxt-labs-patra-core-0.0.0.tgz",
        "@cntxt-labs/patra-templates": "file:../vendor/patra/cntxt-labs-patra-templates-0.0.0.tgz",
      },
    },
    "yojana-core": {
      "name": "@cntxt-labs/yojana-core",
      "version": "0.0.0",
    },
    "yojana-markdown": {
      "name": "@cntxt-labs/yojana-markdown",
      "version": "0.0.0",
      "dependencies": {
        "@cntxt-labs/yojana-core": "workspace:*",
      },
    },
    "yojana-store": {
      "name": "@cntxt-labs/yojana-store",
      "version": "0.0.0",
      "dependencies": {
        "@cntxt-labs/yojana-core": "workspace:*",
      },
    },
    "yojana-sync": {
      "name": "@cntxt-labs/yojana-sync",
      "version": "0.0.0",
      "dependencies": {
        "@cntxt-labs/yojana-core": "workspace:*",
      },
    },
    "yojana-verify": {
      "name": "@cntxt-labs/yojana-verify",
      "version": "0.0.0",
      "dependencies": {
        "@cntxt-labs/yojana-core": "workspace:*",
      },
    },
    "yojana-work": {
      "name": "@cntxt-labs/yojana-work",
      "version": "0.0.0",
      "dependencies": {
        "@cntxt-labs/yojana-core": "workspace:*",
      },
    },
  },
  "overrides": {
    "@cntxt-labs/patra-core": "file:./vendor/patra/cntxt-labs-patra-core-0.0.0.tgz",
  },
  "packages": {
    "@biomejs/biome": ["@biomejs/biome@2.5.15", "", { "optionalDependencies": { "@biomejs/cli-darwin-arm64": "2.5.15", "@biomejs/cli-darwin-x64": "2.5.15", "@biomejs/cli-linux-arm64": "2.5.15", "@biomejs/cli-linux-arm64-musl": "2.5.15", "@biomejs/cli-linux-x64": "2.5.15", "@biomejs/cli-linux-x64-musl": "2.5.15", "@biomejs/cli-win32-arm64": "2.5.15", "@biomejs/cli-win32-x64": "2.5.15" }, "bin": { "biome": "bin/biome" } }, "sha512-WZTW4slm/pdkh92K6t/3aEN++44JD1PQ7squ7RCMLI1flHGl43DVOIGXvCjHiZgBMO1V4uYxoFNtqrIA4qGuIQ=="],

    "@biomejs/cli-darwin-arm64": ["@biomejs/cli-darwin-arm64@2.5.15", "", { "os": "darwin", "cpu": "arm64" }, "sha512-BZVzFhJ/mUvTLMYbc9x6el0o2Uv5zP7bACYyhFb6fSc1giroXm7PL0a5KqMJ9F+/BnkYRjagD/ROSDVOZ6eapg=="],

    "@biomejs/cli-darwin-x64": ["@biomejs/cli-darwin-x64@2.5.15", "", { "os": "darwin", "cpu": "x64" }, "sha512-V5Kw63V+fVGNFhFrizDxMbGXAzZCh8kYzJpy3GI6gTapWDg7bZK9oYC9CbVgQSEdTnupz0U5Efz8Ev+5vdBBXw=="],

    "@biomejs/cli-linux-arm64": ["@biomejs/cli-linux-arm64@2.5.15", "", { "os": "linux", "cpu": "arm64" }, "sha512-XaG7P7eeSLYETD3K9grfB0mQmpLQZjygdbsxekWBJAg4am79fGAtRpfRyNnTvXB2fZFNnJZG3nXm7HBat0+VUw=="],

    "@biomejs/cli-linux-arm64-musl": ["@biomejs/cli-linux-arm64-musl@2.5.15", "", { "os": "linux", "cpu": "arm64" }, "sha512-tGzZUTcJCV7tj5Adh/Gn6nR4MycqA3iohq2LEcrarAgRBkU0h0OKd2UzCRkOsOYOuUGaUJb4YmqRqyy2feGGSw=="],

    "@biomejs/cli-linux-x64": ["@biomejs/cli-linux-x64@2.5.15", "", { "os": "linux", "cpu": "x64" }, "sha512-xE4iEW/3LqlYj9GFgGrFsFSH51dEEpUbYWBfeOv0q87WkUDxK2o/HhreSb7qMJqck70RVM6Lg96hgedcAYcOkA=="],

    "@biomejs/cli-linux-x64-musl": ["@biomejs/cli-linux-x64-musl@2.5.15", "", { "os": "linux", "cpu": "x64" }, "sha512-IlxUcyxilVGPsE008x13pWdkTbU3nQpP2i9b5UrbOYj6goBkKsRX1XB7yJLcV+O1H9LBchIIm4adOaVLZBX0ZQ=="],

    "@biomejs/cli-win32-arm64": ["@biomejs/cli-win32-arm64@2.5.15", "", { "os": "win32", "cpu": "arm64" }, "sha512-2kPKzhNlm8C+Ru3GcO0Me2ODkCBLrVOUNuyi84RJyWDVKAA4+Kjj3jMjL938lF6BRfvltC4vB2nPY9SvN51Ovg=="],

    "@biomejs/cli-win32-x64": ["@biomejs/cli-win32-x64@2.5.15", "", { "os": "win32", "cpu": "x64" }, "sha512-yAzh4UqEImV6Hcy0zjUqNfJAsUhoD64FBQCdTG8Md/Z2wQeVP/ZmJ3XRYAs1g8J9fjTFyl2fCtc5FB5til47+g=="],

    "@cfworker/json-schema": ["@cfworker/json-schema@4.1.1", "", {}, "sha512-gAmrUZSGtKc3AiBL71iNWxDsyUC5uMaKKGdvzYsBoTW/xi42JQHl7eKV2OYzCUqvc+D2RCcf7EXY2iCyFIk6og=="],

    "@cntxt-labs/patra-core": ["@cntxt-labs/patra-core@./vendor/patra/cntxt-labs-patra-core-0.0.0.tgz", { "dependencies": { "@cfworker/json-schema": "4.1.1", "@types/mustache": "^4.2.6", "mustache": "4.2.0" } }, "sha512-9kcihpX1X3if/ZlBwBMpaisVptZBR0MxIdKgXg4T3MU+txw1hZd055CpwYyFBo5VPU4BSY/lFidv13/jq5GWtw=="],

    "@cntxt-labs/patra-serve": ["@cntxt-labs/patra-serve@../vendor/patra/cntxt-labs-patra-serve-0.0.0.tgz", { "dependencies": { "@cntxt-labs/patra-core": "0.0.0", "htmx.org": "2.0.4" } }, "sha512-T0mNBAZ+1fHBZT3jAHxBCbeftCxpHVRVnYHTjfUqnyniw14yYAqJ8rGo2kwAFYis4oKK0Ru4JKkzG1OLaQwAlA=="],

    "@cntxt-labs/patra-templates": ["@cntxt-labs/patra-templates@../vendor/patra/cntxt-labs-patra-templates-0.0.0.tgz", {}, "sha512-OCHpc8a3ngFnyMw5rNcuX/zrSZWA2o9aJVX747Hf2lSC+UATweBrECi8l4Rvgb5ekNoEm5uTJ5IFX8MVwAVOJg=="],

    "@cntxt-labs/patra-themes": ["@cntxt-labs/patra-themes@../vendor/patra/cntxt-labs-patra-themes-0.0.0.tgz", {}, "sha512-rr/SSnKH3RcTMfP0Ihm9S67xSSF2zI+p2Gb6Wll2PUpU2/L2o5f+X7/KQnEzDP5ngiwe5w/eegVJsHlHEOQIWw=="],

    "@cntxt-labs/yojana": ["@cntxt-labs/yojana@workspace:yojana"],

    "@cntxt-labs/yojana-cli": ["@cntxt-labs/yojana-cli@workspace:cli"],

    "@cntxt-labs/yojana-core": ["@cntxt-labs/yojana-core@workspace:yojana-core"],

    "@cntxt-labs/yojana-markdown": ["@cntxt-labs/yojana-markdown@workspace:yojana-markdown"],

    "@cntxt-labs/yojana-store": ["@cntxt-labs/yojana-store@workspace:yojana-store"],

    "@cntxt-labs/yojana-sync": ["@cntxt-labs/yojana-sync@workspace:yojana-sync"],

    "@cntxt-labs/yojana-verify": ["@cntxt-labs/yojana-verify@workspace:yojana-verify"],

    "@cntxt-labs/yojana-work": ["@cntxt-labs/yojana-work@workspace:yojana-work"],

    "@types/bun": ["@types/bun@1.4.2", "", { "dependencies": { "bun-types": "1.4.2" } }, "sha512-GimotNn7+ZV0uVArItBbriZsR1oNf0+WTzPkdcFrzShI7k2norL0uzEaJT8T33dWr7O/c9ZDuAFQrctKCi72oQ=="],

    "@types/mustache": ["@types/mustache@4.2.6", "", {}, "sha512-t+8/QWTAhOFlrF1IVZqKnMRJi84EgkIK5Kh0p2JV4OLywUvCwJPFxbJAl7XAow7DVIHsF+xW9f1MVzg0L6Szjw=="],

    "@types/node": ["@types/node@26.6.4", "", { "dependencies": { "undici-types": "~8.9.0" } }, "sha512-ldVPDCzj7fsaGZrLB0NuHuTvJcsNasysBAqMolr/cgxrLd1xbqxIr3XJiPnHHJUCxj5sNF1vnRj9aWnrVh5Jcg=="],

    "acorn": ["acorn@8.18.0", "", { "bin": { "acorn": "bin/acorn" } }, "sha512-lGq+9yr1/GuAWaVYIHRjvvySG5/4VfKIvC8EWxStPdcDh/Ka7FG3twP6v4d5BkravUilhIAsG4Qj83t02LWUPQ=="],

    "acorn-jsx": ["acorn-jsx@5.3.2", "", { "peerDependencies": { "acorn": "^6.0.0 || ^7.0.0 || ^8.0.0" } }, "sha512-rq9s+JNhf0IChjtDXxllJ7g41oZk5SlXtp0LHwyA5cejwn7vKmKp4pPri6YEePv2PU65sAsegbXtIinmDFDXgQ=="],

    "acorn-jsx-walk": ["acorn-jsx-walk@2.0.0", "", {}, "sha512-uuo6iJj4D4ygkdzd6jPtcxs8vZgDX9YFIkqczGImoypX2fQ4dVImmu3UzA4ynixCIMTrEOWW+95M2HuBaCEOVA=="],

    "acorn-loose": ["acorn-loose@8.5.2", "", { "dependencies": { "acorn": "^8.15.0" } }, "sha512-PPvV6g8UGMGgjrMu+n/f9E/tCSkNQ2Y97eFvuVdJfG11+xdIeDcLyNdC8SHcrHbRqkfwLASdplyR6B6sKM1U4A=="],

    "acorn-walk": ["acorn-walk@8.3.5", "", { "dependencies": { "acorn": "^8.11.0" } }, "sha512-HEHNfbars9v4pgpW6SO1KSPkfoS0xVOM/9UzkJltjlsHZmJasxg8aXkuZa7SMf8vKGIBhpUsPluQSqhJFCqebw=="],

    "ansi-styles": ["ansi-styles@4.3.0", "", { "dependencies": { "color-convert": "^2.0.1" } }, "sha512-zbB9rCJAT1rbjiVDb2hqKFHNYLxgtk8NURxZ3IZwD3F6NtxbXZQCnnSi1Lkx+IDohdPlFp222wVALIheZJQSEg=="],

    "bun-types": ["bun-types@1.4.2", "", { "dependencies": { "@types/node": "*" } }, "sha512-bxV1FgK7yBIzjRe5zBozIM4Bem11ZJcCXSrjWRG3YWLt8yFDePu4cLjpebO8OvPeIE9trbyPF4fuj3Cia4Fj3w=="],

    "chalk": ["chalk@4.1.2", "", { "dependencies": { "ansi-styles": "^4.1.0", "supports-color": "^7.1.0" } }, "sha512-oKnbhFyRIXpUuez8iBMmyEa4nbj4IOQyuhc/wy9kY7/WVPcwIO9VA668Pu8RkO7+0G76SLROeyw9CpQ061i4mA=="],

    "color-convert": ["color-convert@2.0.1", "", { "dependencies": { "color-name": "~1.1.4" } }, "sha512-RRECPsj7iu/xb5oKYcsFHSppFNnsj/52OVTRKb4zP5onXwVF3zVmmToNcOfGC+CRDpfK/U584fMg38ZHCaElKQ=="],

    "color-name": ["color-name@1.1.4", "", {}, "sha512-dOy+3AuW3a2wNbZHIuMZpTcgjGuLU/uBL/ubcZF9OXbDo8ff4O8yVp5Bf0efS8uEoYo5q4Fx7dY9OgQGXgAsQA=="],

    "commander": ["commander@15.0.0", "", {}, "sha512-z67u4ZhzCL/Tydu1lJARtEZYWbWaN7oYLHbsuzocr6y4N6WZAagG3RQ4FW61V1/0+jImpj293XfrcYnd1qxtPg=="],

    "dependency-cruiser": ["dependency-cruiser@18.5.0", "", { "dependencies": { "acorn": "8.18.0", "acorn-jsx": "5.3.2", "acorn-jsx-walk": "2.0.0", "acorn-loose": "8.5.2", "acorn-walk": "8.3.5", "commander": "15.0.0", "enhanced-resolve": "5.26.0", "ignore": "7.0.11", "interpret": "3.1.1", "is-installed-globally": "1.0.1", "json5": "2.2.3", "picomatch": "4.0.7", "prompts": "2.4.2", "rechoir": "0.8.0", "safe-regex": "2.1.1", "semver": "7.8.5", "tsconfig-paths-webpack-plugin": "4.2.0", "watskeburt": "6.0.0" }, "bin": { "depcruise": "bin/dependency-cruiser.mjs", "depcruise-fmt": "bin/depcruise-fmt.mjs", "dependency-cruise": "bin/dependency-cruiser.mjs", "depcruise-baseline": "bin/depcruise-baseline.mjs", "dependency-cruiser": "bin/dependency-cruiser.mjs", "depcruise-wrap-stream-in-html": "bin/wrap-stream-in-html.mjs" } }, "sha512-LFvJOvufjQ7XTucSI40NHqse0gcQBevDGkZabLAKcGwO+VWOywTqZ5EyFRYWSokNxvLOO7v6EXyNi+9I72oWUA=="],

    "enhanced-resolve": ["enhanced-resolve@5.26.0", "", { "dependencies": { "graceful-fs": "^4.2.4", "tapable": "^2.3.3" } }, "sha512-9vhedylFonb2YGogzUKX6+Ja72gOJbN1QHAqdrvqLwhdl/QWbKopzoUC9EbQNVsAns/bx/4uyqalrQAoy1IByw=="],

    "es-errors": ["es-errors@1.3.0", "", {}, "sha512-Zf5H2Kxt2xjTvbJvP2ZWLEICxA6j+hAmMzIlypy4xcBg1vKVnx89Wy0GbS+kf5cwCVFFzdCFh2XSCFNULS6csw=="],

    "function-bind": ["function-bind@1.1.2", "", {}, "sha512-7XHNxH7qX9xG5mIwxkhumTox/MIRNcOgDrxWsMt2pAr23WHp6MrRlN7FBSFpCpr+oVO0F744iUgR82nJMfG2SA=="],

    "global-directory": ["global-directory@4.0.1", "", { "dependencies": { "ini": "4.1.1" } }, "sha512-wHTUcDUoZ1H5/0iVqEudYW4/kAlN5cZ3j/bXn0Dpbizl9iaUVeWSHqiOjsgk6OW2bkLclbBjzewBz6weQ1zA2Q=="],

    "graceful-fs": ["graceful-fs@4.2.11", "", {}, "sha512-RbJ5/jmFcNNCcDV5o9eTnBLJ/HszWV0P73bc+Ff4nS/rJj+YaS6IGyiOL0VoBYX+l1Wrl3k63h/KrH+nhJ0XvQ=="],

    "has-flag": ["has-flag@4.0.0", "", {}, "sha512-EykJT/Q1KjTWctppgIAgfSO0tKVuZUjhgMr17kqTumMl6Afv3EISleU7qZUzoXDFTAHTDC4NOoG/ZxU3EvlMPQ=="],

    "hasown": ["hasown@2.0.4", "", { "dependencies": { "function-bind": "^1.1.2" } }, "sha512-T2UbfbBEF32wiepXIsMlTW9+dDYC6wMh/t/vYA4tuOMKqWz/n3vr1NFSxQiyP+zk2mXsoMA/i/7qV6LKut1t1A=="],

    "htmx.org": ["htmx.org@2.0.4", "", {}, "sha512-HLxMCdfXDOJirs3vBZl/ZLoY+c7PfM4Ahr2Ad4YXh6d22T5ltbTXFFkpx9Tgb2vvmWFMbIc3LqN2ToNkZJvyYQ=="],

    "ignore": ["ignore@7.0.11", "", {}, "sha512-YChdK5txDjwGUvgR7oCJcLGkwi3LDh8Zx8tS7ndYciLEg/oOCL26VUBSUEtgS7EjiybcBqFxh5j0rAdDX7/bbg=="],

    "ini": ["ini@4.1.1", "", {}, "sha512-QQnnxNyfvmHFIsj7gkPcYymR8Jdw/o7mp5ZFihxn6h8Ci6fh3Dx4E1gPjpQEpIuPo9XVNY/ZUwh4BPMjGyL01g=="],

    "interpret": ["interpret@3.1.1", "", {}, "sha512-6xwYfHbajpoF0xLW+iwLkhwgvLoZDfjYfoFNu8ftMoXINzwuymNLd9u/KmwtdT2GbR+/Cz66otEGEVVUHX9QLQ=="],

    "is-core-module": ["is-core-module@2.17.0", "", { "dependencies": { "hasown": "^2.0.4" } }, "sha512-J/vG0zBCbIKOQFfufSwyXdMrsohyJIUNkrnmo6WZGzoM7tr/lsbfW5b2BvisL6zsyMzK9UxV9L6c7AoFbyXHOA=="],

    "is-installed-globally": ["is-installed-globally@1.0.1", "", { "dependencies": { "global-directory": "^4.0.1", "is-path-inside": "^4.0.0" } }, "sha512-li88H4QGRoNMX27jEmY8nR515oJVspAgC/WFMlhHfFV8RJ4QyGpHhXnwAe9gH5RIgKmdYRUmrOhQobcgEjIdSw=="],

    "is-path-inside": ["is-path-inside@4.0.0", "", {}, "sha512-lJJV/5dYS+RcL8uQdBDW9c9uWFLLBNRyFhnAKXw5tVqLlKZ4RMGZKv+YQ/IA3OhD+RpbJa1LLFM1FQPGyIXvOA=="],

    "json5": ["json5@2.2.3", "", { "bin": { "json5": "lib/cli.js" } }, "sha512-XmOWe7eyHYH14cLdVPoyg+GOH3rYX++KpzrylJwSW98t3Nk+U8XOl8FWKOgwtzdb8lXGf6zYwDUzeHMWfxasyg=="],

    "kleur": ["kleur@3.0.3", "", {}, "sha512-eTIzlVOSUR+JxdDFepEYcBMtZ9Qqdef+rnzWdRZuMbOywu5tO2w2N7rqjoANZ5k9vywhL6Br1VRjUIgTQx4E8w=="],

    "minimist": ["minimist@1.2.8", "", {}, "sha512-2yyAR8qBkN3YuheJanUpWC5U3bb5osDywNB8RzDVlDwDHbocAJveqqj1u8+SVD7jkWT4yvsHCpWqqWqAxb0zCA=="],

    "mustache": ["mustache@4.2.0", "", { "bin": { "mustache": "bin/mustache" } }, "sha512-71ippSywq5Yb7/tVYyGbkBggbU8H3u5Rz56fH60jGFgr8uHwxs+aSKeqmluIVzM0m0kB7xQjKS6qPfd0b2ZoqQ=="],

    "path-parse": ["path-parse@1.0.7", "", {}, "sha512-LDJzPVEEEPR+y48z93A0Ed0yXb8pAByGWo/k5YYdYgpY2/2EsOsksJrq7lOHxryrVOn1ejG6oAp8ahvOIQD8sw=="],

    "picomatch": ["picomatch@4.0.7", "", {}, "sha512-qcJu88Q2IWqJsDD529JKMdwGm/dvInW4HvQnRwiH9JtihJvzGOscDtHE3x1pBKeUOTysQ8kVmLnJ2kJu7yhcGA=="],

    "prompts": ["prompts@2.4.2", "", { "dependencies": { "kleur": "^3.0.3", "sisteransi": "^1.0.5" } }, "sha512-NxNv/kLguCA7p3jE8oL2aEBsrJWgAakBpgmgK6lpPWV+WuOmY6r2/zbAVnP+T8bQlA0nzHXSJSJW0Hq7ylaD2Q=="],

    "rechoir": ["rechoir@0.8.0", "", { "dependencies": { "resolve": "^1.20.0" } }, "sha512-/vxpCXddiX8NGfGO/mTafwjq4aFa/71pvamip0++IQk3zG8cbCj0fifNPrjjF1XMXUne91jL9OoxmdykoEtifQ=="],

    "regexp-tree": ["regexp-tree@0.1.27", "", { "bin": { "regexp-tree": "bin/regexp-tree" } }, "sha512-iETxpjK6YoRWJG5o6hXLwvjYAoW+FEZn9os0PD/b6AP6xQwsa/Y7lCVgIixBbUPMfhu+i2LtdeAqVTgGlQarfA=="],

    "resolve": ["resolve@1.22.12", "", { "dependencies": { "es-errors": "^1.3.0", "is-core-module": "^2.16.1", "path-parse": "^1.0.7", "supports-preserve-symlinks-flag": "^1.0.0" }, "bin": { "resolve": "bin/resolve" } }, "sha512-TyeJ1zif53BPfHootBGwPRYT1RUt6oGWsaQr8UyZW/eAm9bKoijtvruSDEmZHm92CwS9nj7/fWttqPCgzep8CA=="],

    "safe-regex": ["safe-regex@2.1.1", "", { "dependencies": { "regexp-tree": "~0.1.1" } }, "sha512-rx+x8AMzKb5Q5lQ95Zoi6ZbJqwCLkqi3XuJXp5P3rT8OEc6sZCJG5AE5dU3lsgRr/F4Bs31jSlVN+j5KrsGu9A=="],

    "semver": ["semver@7.8.5", "", { "bin": { "semver": "bin/semver.js" } }, "sha512-Y7/KDsb8LjooZpwaqGyulO6DQlksgCncchHGk+sZIY4SBvUocMBEFH5Ur1fI4dV+Jvl0w6cjvucaIi40puRioA=="],

    "sisteransi": ["sisteransi@1.0.5", "", {}, "sha512-bLGGlR1QxBcynn2d5YmDX4MGjlZvy2MRBDRNHLJ8VI6l6+9FUiyTFNJ0IveOSP0bcXgVDPRcfGqA0pjaqUpfVg=="],

    "strip-bom": ["strip-bom@3.0.0", "", {}, "sha512-vavAMRXOgBVNF6nyEEmL3DBK19iRpDcoIwW+swQ+CbGiu7lju6t+JklA1MHweoWtadgt4ISVUsXLyDq34ddcwA=="],

    "supports-color": ["supports-color@7.2.0", "", { "dependencies": { "has-flag": "^4.0.0" } }, "sha512-qpCAvRl9stuOHveKsn7HncJRvv501qIacKzQlO/+Lwxc9+0q2wLyv4Dfvt80/DPn2pqOBsJdDiogXGR9+OvwRw=="],

    "supports-preserve-symlinks-flag": ["supports-preserve-symlinks-flag@1.0.0", "", {}, "sha512-ot0WnXS9fgdkgIcePe6RHNk1WA8+muPa6cSjeR3V8K27q9BB1rTE3R1p7Hv0z1ZyAc8s6Vvv8DIyWf681MAt0w=="],

    "tapable": ["tapable@2.3.3", "", {}, "sha512-uxc/zpqFg6x7C8vOE7lh6Lbda8eEL9zmVm/PLeTPBRhh1xCgdWaQ+J1CUieGpIfm2HdtsUpRv+HshiasBMcc6A=="],

    "tsconfig-paths": ["tsconfig-paths@4.2.0", "", { "dependencies": { "json5": "^2.2.2", "minimist": "^1.2.6", "strip-bom": "^3.0.0" } }, "sha512-NoZ4roiN7LnbKn9QqE1amc9DJfzvZXxF4xDavcOWt1BPkdx+m+0gJuPM+S0vCe7zTJMYUP0R8pO2XMr+Y8oLIg=="],

    "tsconfig-paths-webpack-plugin": ["tsconfig-paths-webpack-plugin@4.2.0", "", { "dependencies": { "chalk": "^4.1.0", "enhanced-resolve": "^5.7.0", "tapable": "^2.2.1", "tsconfig-paths": "^4.1.2" } }, "sha512-zbem3rfRS8BgeNK50Zz5SIQgXzLafiHjOwUAvk/38/o1jHn/V5QAgVUcz884or7WYcPaH3N2CIfUc2u0ul7UcA=="],

    "typescript": ["typescript@5.9.3", "", { "bin": { "tsc": "bin/tsc", "tsserver": "bin/tsserver" } }, "sha512-jl1vZzPDinLr9eUt3J/t7V6FgNEw9QjvBPdysz9KfQDD41fQrC2Y4vKQdiaUpFT4bXlb1RHhLpp8wtm6M5TgSw=="],

    "undici-types": ["undici-types@8.9.0", "", {}, "sha512-KTDyRTYX8sWmKXAikPHHSyc63CRPETMctyjKFupcC6OBLXT3xsN0e9aF7m+mIXutFWpUXuedtowG7iLOzp0kQg=="],

    "watskeburt": ["watskeburt@6.0.0", "", { "bin": { "watskeburt": "dist/run-cli.js" } }, "sha512-jfiuDABaxSkC71T6oZ3vCS99roYkSHm/+As+G0Dz8taAHQb+SJBvLEm5RlsgG71XdfAj3rv7eudUBTgwcQUPlQ=="],
  }
}
